
Microsoft Visual Studio Solution File, Format Version 12.00
# Visual Studio Version 16
VisualStudioVersion = 16.0.31624.102
MinimumVisualStudioVersion = 10.0.40219.1
Project("{FAE04EC0-301F-11D3-BF4B-00C04F79EFBC}") = "MessageLoopLibrary", "MessageLoopLibrary\MessageLoopLibrary.csproj", "{34EBF7F0-C31C-48C8-861E-8B009DBC0854}"
EndProject
Project("{FAE04EC0-301F-11D3-BF4B-00C04F79EFBC}") = "MessageLoopSample001", "MessageLoopSample001\MessageLoopSample001.csproj", "{8808BE80-882D-4CDB-96EB-EF85AE8EDFC1}"
EndProject
Global
	GlobalSection(SolutionConfigurationPlatforms) = preSolution
		Debug|Any CPU = Debug|Any CPU
		Release|Any CPU = Release|Any CPU
	EndGlobalSection
	GlobalSection(ProjectConfigurationPlatforms) = postSolution
		{34EBF7F0-C31C-48C8-861E-8B009DBC0854}.Debug|Any CPU.ActiveCfg = Debug|Any CPU
		{34EBF7F0-C31C-48C8-861E-8B009DBC0854}.Debug|Any CPU.Build.0 = Debug|Any CPU
		{34EBF7F0-C31C-48C8-861E-8B009DBC0854}.Release|Any CPU.ActiveCfg = Release|Any CPU
		{34EBF7F0-C31C-48C8-861E-8B009DBC0854}.Release|Any CPU.Build.0 = Release|Any CPU
		{8808BE80-882D-4CDB-96EB-EF85AE8EDFC1}.Debug|Any CPU.ActiveCfg = Debug|Any CPU
		{8808BE80-882D-4CDB-96EB-EF85AE8EDFC1}.Debug|Any CPU.Build.0 = Debug|Any CPU
		{8808BE80-882D-4CDB-96EB-EF85AE8EDFC1}.Release|Any CPU.ActiveCfg = Release|Any CPU
		{8808BE80-882D-4CDB-96EB-EF85AE8EDFC1}.Release|Any CPU.Build.0 = Release|Any CPU
	EndGlobalSection
	GlobalSection(SolutionProperties) = preSolution
		HideSolutionNode = FALSE
	EndGlobalSection
	GlobalSection(ExtensibilityGlobals) = postSolution
		SolutionGuid = {56BE67B8-E42D-493E-B6E9-2ED7BC34B42C}
	EndGlobalSection
EndGlobal
